
Microsoft Visual Studio Solution File, Format Version 12.00
# Visual Studio Version 17
VisualStudioVersion = 17.14.36429.23 d17.14
MinimumVisualStudioVersion = 10.0.40219.1
Project("{FAE04EC0-301F-11D3-BF4B-00C04F79EFBC}") = "Assignment2", "Assignment2.csproj", "{69B87B28-2FC4-4980-802C-A7C3932A1375}"
EndProject
Global
	GlobalSection(SolutionConfigurationPlatforms) = preSolution
		Debug|Any CPU = Debug|Any CPU
		Release|Any CPU = Release|Any CPU
	EndGlobalSection
	GlobalSection(ProjectConfigurationPlatforms) = postSolution
		{69B87B28-2FC4-4980-802C-A7C3932A1375}.Debug|Any CPU.ActiveCfg = Debug|Any CPU
		{69B87B28-2FC4-4980-802C-A7C3932A1375}.Debug|Any CPU.Build.0 = Debug|Any CPU
		{69B87B28-2FC4-4980-802C-A7C3932A1375}.Release|Any CPU.ActiveCfg = Release|Any CPU
		{69B87B28-2FC4-4980-802C-A7C3932A1375}.Release|Any CPU.Build.0 = Release|Any CPU
	EndGlobalSection
	GlobalSection(SolutionProperties) = preSolution
		HideSolutionNode = FALSE
	EndGlobalSection
	GlobalSection(ExtensibilityGlobals) = postSolution
		SolutionGuid = {AAC1B314-E338-4FF8-B029-8BCF16758997}
	EndGlobalSection
EndGlobal
