
Microsoft Visual Studio Solution File, Format Version 12.00
# Visual Studio Version 17
VisualStudioVersion = 17.13.35931.197 d17.13
MinimumVisualStudioVersion = 10.0.40219.1
Project("{FAE04EC0-301F-11D3-BF4B-00C04F79EFBC}") = "Plus", "Plus.csproj", "{2D671E4D-740C-4F22-89B2-CF0FC77F651F}"
EndProject
Global
	GlobalSection(SolutionConfigurationPlatforms) = preSolution
		Debug|Any CPU = Debug|Any CPU
		Release|Any CPU = Release|Any CPU
	EndGlobalSection
	GlobalSection(ProjectConfigurationPlatforms) = postSolution
		{2D671E4D-740C-4F22-89B2-CF0FC77F651F}.Debug|Any CPU.ActiveCfg = Debug|Any CPU
		{2D671E4D-740C-4F22-89B2-CF0FC77F651F}.Debug|Any CPU.Build.0 = Debug|Any CPU
		{2D671E4D-740C-4F22-89B2-CF0FC77F651F}.Release|Any CPU.ActiveCfg = Release|Any CPU
		{2D671E4D-740C-4F22-89B2-CF0FC77F651F}.Release|Any CPU.Build.0 = Release|Any CPU
	EndGlobalSection
	GlobalSection(SolutionProperties) = preSolution
		HideSolutionNode = FALSE
	EndGlobalSection
	GlobalSection(ExtensibilityGlobals) = postSolution
		SolutionGuid = {120D6E7A-DC6E-45FD-A87E-140C7F426BAE}
	EndGlobalSection
EndGlobal
